<?xml version="1.0" encoding="utf-8"?>
<Project ToolsVersion="4.0" xmlns="http://schemas.microsoft.com/developer/msbuild/2003">
  <ItemGroup>
    <Filter Include="Source Files">
      <UniqueIdentifier>{4FC737F1-C7A5-4376-A066-2A32D752A2FF}</UniqueIdentifier>
      <Extensions>cpp;c;cc;cxx;def;odl;idl;hpj;bat;asm;asmx</Extensions>
    </Filter>
    <Filter Include="Header Files">
      <UniqueIdentifier>{93995380-89BD-4b04-88EB-625FBE52EBFB}</UniqueIdentifier>
      <Extensions>h;hh;hpp;hxx;hm;inl;inc;xsd</Extensions>
    </Filter>
    <Filter Include="Resource Files">
      <UniqueIdentifier>{67DA6AB6-F800-4c08-8B7A-83BB121AAD01}</UniqueIdentifier>
      <Extensions>rc;ico;cur;bmp;dlg;rc2;rct;bin;rgs;gif;jpg;jpeg;jpe;resx;tiff;tif;png;wav</Extensions>
    </Filter>
  </ItemGroup>
  <ItemGroup>
    <ClCompile Include="clp\And.cpp">
      <Filter>Source Files</Filter>
    </ClCompile>
    <ClCompile Include="clp\Bound.cpp">
      <Filter>Source Files</Filter>
    </ClCompile>
    <ClCompile Include="clp\BoundCt.cpp">
      <Filter>Source Files</Filter>
    </ClCompile>
    <ClCompile Include="clp\BoundPropagator.cpp">
      <Filter>Source Files</Filter>
    </ClCompile>
    <ClCompile Include="clp\ChoicePoint.cpp">
      <Filter>Source Files</Filter>
    </ClCompile>
    <ClCompile Include="clp\ConstrainedBound.cpp">
      <Filter>Source Files</Filter>
    </ClCompile>
    <ClCompile Include="clp\ConstrainedVar.cpp">
      <Filter>Source Files</Filter>
    </ClCompile>
    <ClCompile Include="clp\Constraint.cpp">
      <Filter>Source Files</Filter>
    </ClCompile>
    <ClCompile Include="clp\CountedIntVar.cpp">
      <Filter>Source Files</Filter>
    </ClCompile>
    <ClCompile Include="clp\CycleGroup.cpp">
      <Filter>Source Files</Filter>
    </ClCompile>
    <ClCompile Include="clp\FailEx.cpp">
      <Filter>Source Files</Filter>
    </ClCompile>
    <ClCompile Include="clp\Goal.cpp">
      <Filter>Source Files</Filter>
    </ClCompile>
    <ClCompile Include="clp\IntExp.cpp">
      <Filter>Source Files</Filter>
    </ClCompile>
    <ClCompile Include="clp\IntExpArray.cpp">
      <Filter>Source Files</Filter>
    </ClCompile>
    <ClCompile Include="clp\IntExpDomain.cpp">
      <Filter>Source Files</Filter>
    </ClCompile>
    <ClCompile Include="clp\IntExpDomainAR.cpp">
      <Filter>Source Files</Filter>
    </ClCompile>
    <ClCompile Include="clp\IntExpDomainARit.cpp">
      <Filter>Source Files</Filter>
    </ClCompile>
    <ClCompile Include="clp\IntExpDomainCAR.cpp">
      <Filter>Source Files</Filter>
    </ClCompile>
    <ClCompile Include="clp\IntExpDomainCARit.cpp">
      <Filter>Source Files</Filter>
    </ClCompile>
    <ClCompile Include="clp\IntExpDomainIt.cpp">
      <Filter>Source Files</Filter>
    </ClCompile>
    <ClCompile Include="clp\IntExpDomainRISC.cpp">
      <Filter>Source Files</Filter>
    </ClCompile>
    <ClCompile Include="clp\IntExpDomainRISCit.cpp">
      <Filter>Source Files</Filter>
    </ClCompile>
    <ClCompile Include="clp\IntSpan.cpp">
      <Filter>Source Files</Filter>
    </ClCompile>
    <ClCompile Include="clp\IntSpanArray.cpp">
      <Filter>Source Files</Filter>
    </ClCompile>
    <ClCompile Include="clp\IntVar.cpp">
      <Filter>Source Files</Filter>
    </ClCompile>
    <ClCompile Include="clp\Invalidatible.cpp">
      <Filter>Source Files</Filter>
    </ClCompile>
    <ClCompile Include="clp\Manager.cpp">
      <Filter>Source Files</Filter>
    </ClCompile>
    <ClCompile Include="clp\Or.cpp">
      <Filter>Source Files</Filter>
    </ClCompile>
    <ClCompile Include="clp\RangeVar.cpp">
      <Filter>Source Files</Filter>
    </ClCompile>
    <ClCompile Include="clp\RevIntSpanCol.cpp">
      <Filter>Source Files</Filter>
    </ClCompile>
    <ClCompile Include="clp\RevSetDelta.cpp">
      <Filter>Source Files</Filter>
    </ClCompile>
    <ClCompile Include="cls\Activity.cpp">
      <Filter>Source Files</Filter>
    </ClCompile>
    <ClCompile Include="cls\BrkActivity.cpp">
      <Filter>Source Files</Filter>
    </ClCompile>
    <ClCompile Include="cls\CapExpMgr.cpp">
      <Filter>Source Files</Filter>
    </ClCompile>
    <ClCompile Include="cls\CompositeResource.cpp">
      <Filter>Source Files</Filter>
    </ClCompile>
    <ClCompile Include="cls\CompositeResourceRequirement.cpp">
      <Filter>Source Files</Filter>
    </ClCompile>
    <ClCompile Include="cls\CompositeSpan.cpp">
      <Filter>Source Files</Filter>
    </ClCompile>
    <ClCompile Include="cls\CompositeTimetable.cpp">
      <Filter>Source Files</Filter>
    </ClCompile>
    <ClCompile Include="cls\CompositeTimetableDomain.cpp">
      <Filter>Source Files</Filter>
    </ClCompile>
    <ClCompile Include="cls\DiscreteResource.cpp">
      <Filter>Source Files</Filter>
    </ClCompile>
    <ClCompile Include="cls\DiscreteResourceRequirement.cpp">
      <Filter>Source Files</Filter>
    </ClCompile>
    <ClCompile Include="cls\DiscreteTimetable.cpp">
      <Filter>Source Files</Filter>
    </ClCompile>
    <ClCompile Include="cls\DiscreteTimetableDomain.cpp">
      <Filter>Source Files</Filter>
    </ClCompile>
    <ClCompile Include="cls\EFbound.cpp">
      <Filter>Source Files</Filter>
    </ClCompile>
    <ClCompile Include="cls\EFboundInt.cpp">
      <Filter>Source Files</Filter>
    </ClCompile>
    <ClCompile Include="cls\ESbound.cpp">
      <Filter>Source Files</Filter>
    </ClCompile>
    <ClCompile Include="cls\ESboundCalendar.cpp">
      <Filter>Source Files</Filter>
    </ClCompile>
    <ClCompile Include="cls\ESboundInt.cpp">
      <Filter>Source Files</Filter>
    </ClCompile>
    <ClCompile Include="cls\ESboundTimetable.cpp">
      <Filter>Source Files</Filter>
    </ClCompile>
    <ClCompile Include="cls\IntActivity.cpp">
      <Filter>Source Files</Filter>
    </ClCompile>
    <ClCompile Include="cls\LFbound.cpp">
      <Filter>Source Files</Filter>
    </ClCompile>
    <ClCompile Include="cls\LFboundCalendar.cpp">
      <Filter>Source Files</Filter>
    </ClCompile>
    <ClCompile Include="cls\LFboundTimetable.cpp">
      <Filter>Source Files</Filter>
    </ClCompile>
    <ClCompile Include="cls\LSbound.cpp">
      <Filter>Source Files</Filter>
    </ClCompile>
    <ClCompile Include="cls\PreferredResources.cpp">
      <Filter>Source Files</Filter>
    </ClCompile>
    <ClCompile Include="cls\PtActivity.cpp">
      <Filter>Source Files</Filter>
    </ClCompile>
    <ClCompile Include="cls\Resource.cpp">
      <Filter>Source Files</Filter>
    </ClCompile>
    <ClCompile Include="cls\ResourceCalendar.cpp">
      <Filter>Source Files</Filter>
    </ClCompile>
    <ClCompile Include="cls\ResourceCalendarMgr.cpp">
      <Filter>Source Files</Filter>
    </ClCompile>
    <ClCompile Include="cls\ResourceCalendarSpan.cpp">
      <Filter>Source Files</Filter>
    </ClCompile>
    <ClCompile Include="cls\ResourceCapPts.cpp">
      <Filter>Source Files</Filter>
    </ClCompile>
    <ClCompile Include="cls\SchedulableBound.cpp">
      <Filter>Source Files</Filter>
    </ClCompile>
    <ClCompile Include="cls\Schedule.cpp">
      <Filter>Source Files</Filter>
    </ClCompile>
    <ClCompile Include="cls\TimetableBound.cpp">
      <Filter>Source Files</Filter>
    </ClCompile>
    <ClCompile Include="cse\AltJobSelector.cpp">
      <Filter>Source Files</Filter>
    </ClCompile>
    <ClCompile Include="cse\AltResMutate.cpp">
      <Filter>Source Files</Filter>
    </ClCompile>
    <ClCompile Include="cse\AltResSelector.cpp">
      <Filter>Source Files</Filter>
    </ClCompile>
    <ClCompile Include="cse\AuditReport.cpp">
      <Filter>Source Files</Filter>
    </ClCompile>
    <ClCompile Include="cse\CapMutate.cpp">
      <Filter>Source Files</Filter>
    </ClCompile>
    <ClCompile Include="cse\CapSelector.cpp">
      <Filter>Source Files</Filter>
    </ClCompile>
    <ClCompile Include="cse\ClevorDataSet.cpp">
      <Filter>Source Files</Filter>
    </ClCompile>
    <ClCompile Include="cse\CompositeResource.cpp">
      <Filter>Source Files</Filter>
    </ClCompile>
    <ClCompile Include="cse\DiscreteResource.cpp">
      <Filter>Source Files</Filter>
    </ClCompile>
    <ClCompile Include="cse\EvaluatorFactory.cpp">
      <Filter>Source Files</Filter>
    </ClCompile>
    <ClCompile Include="cse\ForwardScheduler.cpp">
      <Filter>Source Files</Filter>
    </ClCompile>
    <ClCompile Include="cse\ItemRequirement.cpp">
      <Filter>Source Files</Filter>
    </ClCompile>
    <ClCompile Include="cse\Job.cpp">
      <Filter>Source Files</Filter>
    </ClCompile>
    <ClCompile Include="cse\JobGroup.cpp">
      <Filter>Source Files</Filter>
    </ClCompile>
    <ClCompile Include="cse\JobOp.cpp">
      <Filter>Source Files</Filter>
    </ClCompile>
    <ClCompile Include="cse\JobOpOrdering.cpp">
      <Filter>Source Files</Filter>
    </ClCompile>
    <ClCompile Include="cse\JobOpSeqMutate.cpp">
      <Filter>Source Files</Filter>
    </ClCompile>
    <ClCompile Include="cse\JobOpSeqSelector.cpp">
      <Filter>Source Files</Filter>
    </ClCompile>
    <ClCompile Include="cse\JobSeqMutate.cpp">
      <Filter>Source Files</Filter>
    </ClCompile>
    <ClCompile Include="cse\JobSeqSelector.cpp">
      <Filter>Source Files</Filter>
    </ClCompile>
    <ClCompile Include="cse\MakespanEvaluator.cpp">
      <Filter>Source Files</Filter>
    </ClCompile>
    <ClCompile Include="cse\MinCostHeuristics.cpp">
      <Filter>Source Files</Filter>
    </ClCompile>
    <ClCompile Include="cse\MinCostResourcePtSelector.cpp">
      <Filter>Source Files</Filter>
    </ClCompile>
    <ClCompile Include="cse\OperatorFactory.cpp">
      <Filter>Source Files</Filter>
    </ClCompile>
    <ClCompile Include="cse\OpSeqMutate.cpp">
      <Filter>Source Files</Filter>
    </ClCompile>
    <ClCompile Include="cse\OpSeqSelector.cpp">
      <Filter>Source Files</Filter>
    </ClCompile>
    <ClCompile Include="cse\OptimizerFactory.cpp">
      <Filter>Source Files</Filter>
    </ClCompile>
    <ClCompile Include="cse\PrecedenceCt.cpp">
      <Filter>Source Files</Filter>
    </ClCompile>
    <ClCompile Include="cse\Propagator.cpp">
      <Filter>Source Files</Filter>
    </ClCompile>
    <ClCompile Include="cse\PtMutate.cpp">
      <Filter>Source Files</Filter>
    </ClCompile>
    <ClCompile Include="cse\PtSelector.cpp">
      <Filter>Source Files</Filter>
    </ClCompile>
    <ClCompile Include="cse\ReleaseTimeMutate.cpp">
      <Filter>Source Files</Filter>
    </ClCompile>
    <ClCompile Include="cse\ReleaseTimeSelector.cpp">
      <Filter>Source Files</Filter>
    </ClCompile>
    <ClCompile Include="cse\ResCapMutate.cpp">
      <Filter>Source Files</Filter>
    </ClCompile>
    <ClCompile Include="cse\ResCapSelector.cpp">
      <Filter>Source Files</Filter>
    </ClCompile>
    <ClCompile Include="cse\Resource.cpp">
      <Filter>Source Files</Filter>
    </ClCompile>
    <ClCompile Include="cse\ResourceCost.cpp">
      <Filter>Source Files</Filter>
    </ClCompile>
    <ClCompile Include="cse\ResourceGroup.cpp">
      <Filter>Source Files</Filter>
    </ClCompile>
    <ClCompile Include="cse\ResourceGroupRequirement.cpp">
      <Filter>Source Files</Filter>
    </ClCompile>
    <ClCompile Include="cse\ResourceRequirement.cpp">
      <Filter>Source Files</Filter>
    </ClCompile>
    <ClCompile Include="cse\ResourceSequenceDelays.cpp">
      <Filter>Source Files</Filter>
    </ClCompile>
    <ClCompile Include="cse\ResourceSequenceList.cpp">
      <Filter>Source Files</Filter>
    </ClCompile>
    <ClCompile Include="cse\RuleBasedScheduler.cpp">
      <Filter>Source Files</Filter>
    </ClCompile>
    <ClCompile Include="cse\RunningThread.cpp">
      <Filter>Source Files</Filter>
    </ClCompile>
    <ClCompile Include="cse\ScheduleEvaluator.cpp">
      <Filter>Source Files</Filter>
    </ClCompile>
    <ClCompile Include="cse\ScheduleEvaluatorConfiguration.cpp">
      <Filter>Source Files</Filter>
    </ClCompile>
    <ClCompile Include="cse\Scheduler.cpp">
      <Filter>Source Files</Filter>
    </ClCompile>
    <ClCompile Include="cse\SchedulerConfiguration.cpp">
      <Filter>Source Files</Filter>
    </ClCompile>
    <ClCompile Include="cse\SchedulerFactory.cpp">
      <Filter>Source Files</Filter>
    </ClCompile>
    <ClCompile Include="cse\SchedulingContext.cpp">
      <Filter>Source Files</Filter>
    </ClCompile>
    <ClCompile Include="cse\SchedulingRun.cpp">
      <Filter>Source Files</Filter>
    </ClCompile>
    <ClCompile Include="cse\SEclient.cpp">
      <Filter>Source Files</Filter>
    </ClCompile>
    <ClCompile Include="cse\Server.cpp">
      <Filter>Source Files</Filter>
    </ClCompile>
    <ClCompile Include="cse\SummaryOp.cpp">
      <Filter>Source Files</Filter>
    </ClCompile>
    <ClCompile Include="cse\templates.cpp">
      <Filter>Source Files</Filter>
    </ClCompile>
    <ClCompile Include="cse\TimeSlot.cpp">
      <Filter>Source Files</Filter>
    </ClCompile>
    <ClCompile Include="cse\TotalCostEvaluator.cpp">
      <Filter>Source Files</Filter>
    </ClCompile>
    <ClCompile Include="cse\TotalCostEvaluatorConfiguration.cpp">
      <Filter>Source Files</Filter>
    </ClCompile>
    <ClCompile Include="cse\UnaryCt.cpp">
      <Filter>Source Files</Filter>
    </ClCompile>
    <ClCompile Include="cse\AltJobMutate.cpp">
      <Filter>Source Files</Filter>
    </ClCompile>
  </ItemGroup>
  <ItemGroup>
    <ClInclude Include="clp\And.h">
      <Filter>Header Files</Filter>
    </ClInclude>
    <ClInclude Include="clp\Bound.h">
      <Filter>Header Files</Filter>
    </ClInclude>
    <ClInclude Include="clp\BoundCt.h">
      <Filter>Header Files</Filter>
    </ClInclude>
    <ClInclude Include="clp\BoundPropagator.h">
      <Filter>Header Files</Filter>
    </ClInclude>
    <ClInclude Include="clp\ChoicePoint.h">
      <Filter>Header Files</Filter>
    </ClInclude>
    <ClInclude Include="clp\ConstrainedBound.h">
      <Filter>Header Files</Filter>
    </ClInclude>
    <ClInclude Include="clp\ConstrainedVar.h">
      <Filter>Header Files</Filter>
    </ClInclude>
    <ClInclude Include="clp\Constraint.h">
      <Filter>Header Files</Filter>
    </ClInclude>
    <ClInclude Include="clp\CountedIntVar.h">
      <Filter>Header Files</Filter>
    </ClInclude>
    <ClInclude Include="clp\CycleGroup.h">
      <Filter>Header Files</Filter>
    </ClInclude>
    <ClInclude Include="clp\FailEx.h">
      <Filter>Header Files</Filter>
    </ClInclude>
    <ClInclude Include="clp\Goal.h">
      <Filter>Header Files</Filter>
    </ClInclude>
    <ClInclude Include="clp\IntExp.h">
      <Filter>Header Files</Filter>
    </ClInclude>
    <ClInclude Include="clp\IntExpArray.h">
      <Filter>Header Files</Filter>
    </ClInclude>
    <ClInclude Include="clp\IntExpDomain.h">
      <Filter>Header Files</Filter>
    </ClInclude>
    <ClInclude Include="clp\IntExpDomainAR.h">
      <Filter>Header Files</Filter>
    </ClInclude>
    <ClInclude Include="clp\IntExpDomainARit.h">
      <Filter>Header Files</Filter>
    </ClInclude>
    <ClInclude Include="clp\IntExpDomainCAR.h">
      <Filter>Header Files</Filter>
    </ClInclude>
    <ClInclude Include="clp\IntExpDomainCARit.h">
      <Filter>Header Files</Filter>
    </ClInclude>
    <ClInclude Include="clp\IntExpDomainIt.h">
      <Filter>Header Files</Filter>
    </ClInclude>
    <ClInclude Include="clp\IntExpDomainRISC.h">
      <Filter>Header Files</Filter>
    </ClInclude>
    <ClInclude Include="clp\IntExpDomainRISCit.h">
      <Filter>Header Files</Filter>
    </ClInclude>
    <ClInclude Include="clp\IntSpan.h">
      <Filter>Header Files</Filter>
    </ClInclude>
    <ClInclude Include="clp\IntSpanArray.h">
      <Filter>Header Files</Filter>
    </ClInclude>
    <ClInclude Include="clp\IntVar.h">
      <Filter>Header Files</Filter>
    </ClInclude>
    <ClInclude Include="clp\Invalidatible.h">
      <Filter>Header Files</Filter>
    </ClInclude>
    <ClInclude Include="clp\libclp.h">
      <Filter>Header Files</Filter>
    </ClInclude>
    <ClInclude Include="clp\Manager.h">
      <Filter>Header Files</Filter>
    </ClInclude>
    <ClInclude Include="clp\Or.h">
      <Filter>Header Files</Filter>
    </ClInclude>
    <ClInclude Include="clp\RangeVar.h">
      <Filter>Header Files</Filter>
    </ClInclude>
    <ClInclude Include="clp\RevArray.h">
      <Filter>Header Files</Filter>
    </ClInclude>
    <ClInclude Include="clp\RevIntSpanCol.h">
      <Filter>Header Files</Filter>
    </ClInclude>
    <ClInclude Include="clp\RevSet.h">
      <Filter>Header Files</Filter>
    </ClInclude>
    <ClInclude Include="clp\RevSetDelta.h">
      <Filter>Header Files</Filter>
    </ClInclude>
    <ClInclude Include="clp\RevStack.h">
      <Filter>Header Files</Filter>
    </ClInclude>
    <ClInclude Include="cls\Activity.h">
      <Filter>Header Files</Filter>
    </ClInclude>
    <ClInclude Include="cls\BrkActivity.h">
      <Filter>Header Files</Filter>
    </ClInclude>
    <ClInclude Include="cls\CapExpMgr.h">
      <Filter>Header Files</Filter>
    </ClInclude>
    <ClInclude Include="cls\CompositeResource.h">
      <Filter>Header Files</Filter>
    </ClInclude>
    <ClInclude Include="cls\CompositeResourceRequirement.h">
      <Filter>Header Files</Filter>
    </ClInclude>
    <ClInclude Include="cls\CompositeSpan.h">
      <Filter>Header Files</Filter>
    </ClInclude>
    <ClInclude Include="cls\CompositeTimetable.h">
      <Filter>Header Files</Filter>
    </ClInclude>
    <ClInclude Include="cls\CompositeTimetableDomain.h">
      <Filter>Header Files</Filter>
    </ClInclude>
    <ClInclude Include="cls\DiscreteResource.h">
      <Filter>Header Files</Filter>
    </ClInclude>
    <ClInclude Include="cls\DiscreteResourceRequirement.h">
      <Filter>Header Files</Filter>
    </ClInclude>
    <ClInclude Include="cls\DiscreteTimetable.h">
      <Filter>Header Files</Filter>
    </ClInclude>
    <ClInclude Include="cls\DiscreteTimetableDomain.h">
      <Filter>Header Files</Filter>
    </ClInclude>
    <ClInclude Include="cls\EFbound.h">
      <Filter>Header Files</Filter>
    </ClInclude>
    <ClInclude Include="cls\EFboundInt.h">
      <Filter>Header Files</Filter>
    </ClInclude>
    <ClInclude Include="cls\ESbound.h">
      <Filter>Header Files</Filter>
    </ClInclude>
    <ClInclude Include="cls\ESboundCalendar.h">
      <Filter>Header Files</Filter>
    </ClInclude>
    <ClInclude Include="cls\ESboundInt.h">
      <Filter>Header Files</Filter>
    </ClInclude>
    <ClInclude Include="cls\ESboundTimetable.h">
      <Filter>Header Files</Filter>
    </ClInclude>
    <ClInclude Include="cls\IntActivity.h">
      <Filter>Header Files</Filter>
    </ClInclude>
    <ClInclude Include="cls\LFbound.h">
      <Filter>Header Files</Filter>
    </ClInclude>
    <ClInclude Include="cls\LFboundCalendar.h">
      <Filter>Header Files</Filter>
    </ClInclude>
    <ClInclude Include="cls\LFboundTimetable.h">
      <Filter>Header Files</Filter>
    </ClInclude>
    <ClInclude Include="cls\libcls.h">
      <Filter>Header Files</Filter>
    </ClInclude>
    <ClInclude Include="cls\LSbound.h">
      <Filter>Header Files</Filter>
    </ClInclude>
    <ClInclude Include="cls\PreferredResources.h">
      <Filter>Header Files</Filter>
    </ClInclude>
    <ClInclude Include="cls\PtActivity.h">
      <Filter>Header Files</Filter>
    </ClInclude>
    <ClInclude Include="cls\Resource.h">
      <Filter>Header Files</Filter>
    </ClInclude>
    <ClInclude Include="cls\ResourceCalendar.h">
      <Filter>Header Files</Filter>
    </ClInclude>
    <ClInclude Include="cls\ResourceCalendarMgr.h">
      <Filter>Header Files</Filter>
    </ClInclude>
    <ClInclude Include="cls\ResourceCalendarSpan.h">
      <Filter>Header Files</Filter>
    </ClInclude>
    <ClInclude Include="cls\ResourceCapPts.h">
      <Filter>Header Files</Filter>
    </ClInclude>
    <ClInclude Include="cls\SchedulableBound.h">
      <Filter>Header Files</Filter>
    </ClInclude>
    <ClInclude Include="cls\Schedule.h">
      <Filter>Header Files</Filter>
    </ClInclude>
    <ClInclude Include="cls\TimetableBound.h">
      <Filter>Header Files</Filter>
    </ClInclude>
    <ClInclude Include="cse\AltJobMutate.h">
      <Filter>Header Files</Filter>
    </ClInclude>
    <ClInclude Include="cse\AltJobSelector.h">
      <Filter>Header Files</Filter>
    </ClInclude>
    <ClInclude Include="cse\AltResMutate.h">
      <Filter>Header Files</Filter>
    </ClInclude>
    <ClInclude Include="cse\AltResSelector.h">
      <Filter>Header Files</Filter>
    </ClInclude>
    <ClInclude Include="cse\AuditReport.h">
      <Filter>Header Files</Filter>
    </ClInclude>
    <ClInclude Include="cse\CapMutate.h">
      <Filter>Header Files</Filter>
    </ClInclude>
    <ClInclude Include="cse\CapSelector.h">
      <Filter>Header Files</Filter>
    </ClInclude>
    <ClInclude Include="cse\ClevorDataSet.h">
      <Filter>Header Files</Filter>
    </ClInclude>
    <ClInclude Include="cse\CompositeResource.h">
      <Filter>Header Files</Filter>
    </ClInclude>
    <ClInclude Include="cse\DiscreteResource.h">
      <Filter>Header Files</Filter>
    </ClInclude>
    <ClInclude Include="cse\EvaluatorFactory.h">
      <Filter>Header Files</Filter>
    </ClInclude>
    <ClInclude Include="cse\ForwardScheduler.h">
      <Filter>Header Files</Filter>
    </ClInclude>
    <ClInclude Include="cse\ItemRequirement.h">
      <Filter>Header Files</Filter>
    </ClInclude>
    <ClInclude Include="cse\Job.h">
      <Filter>Header Files</Filter>
    </ClInclude>
    <ClInclude Include="cse\JobGroup.h">
      <Filter>Header Files</Filter>
    </ClInclude>
    <ClInclude Include="cse\JobOp.h">
      <Filter>Header Files</Filter>
    </ClInclude>
    <ClInclude Include="cse\JobOpOrdering.h">
      <Filter>Header Files</Filter>
    </ClInclude>
    <ClInclude Include="cse\JobOpSeqMutate.h">
      <Filter>Header Files</Filter>
    </ClInclude>
    <ClInclude Include="cse\JobOpSeqSelector.h">
      <Filter>Header Files</Filter>
    </ClInclude>
    <ClInclude Include="cse\JobSeqMutate.h">
      <Filter>Header Files</Filter>
    </ClInclude>
    <ClInclude Include="cse\JobSeqSelector.h">
      <Filter>Header Files</Filter>
    </ClInclude>
    <ClInclude Include="cse\libcse.h">
      <Filter>Header Files</Filter>
    </ClInclude>
    <ClInclude Include="cse\MakespanEvaluator.h">
      <Filter>Header Files</Filter>
    </ClInclude>
    <ClInclude Include="cse\MinCostHeuristics.h">
      <Filter>Header Files</Filter>
    </ClInclude>
    <ClInclude Include="cse\MinCostResourcePtSelector.h">
      <Filter>Header Files</Filter>
    </ClInclude>
    <ClInclude Include="cse\OperatorFactory.h">
      <Filter>Header Files</Filter>
    </ClInclude>
    <ClInclude Include="cse\OpSeqMutate.h">
      <Filter>Header Files</Filter>
    </ClInclude>
    <ClInclude Include="cse\OpSeqSelector.h">
      <Filter>Header Files</Filter>
    </ClInclude>
    <ClInclude Include="cse\OptimizerFactory.h">
      <Filter>Header Files</Filter>
    </ClInclude>
    <ClInclude Include="cse\PrecedenceCt.h">
      <Filter>Header Files</Filter>
    </ClInclude>
    <ClInclude Include="cse\Propagator.h">
      <Filter>Header Files</Filter>
    </ClInclude>
    <ClInclude Include="cse\PtMutate.h">
      <Filter>Header Files</Filter>
    </ClInclude>
    <ClInclude Include="cse\PtSelector.h">
      <Filter>Header Files</Filter>
    </ClInclude>
    <ClInclude Include="cse\ReleaseTimeMutate.h">
      <Filter>Header Files</Filter>
    </ClInclude>
    <ClInclude Include="cse\ReleaseTimeSelector.h">
      <Filter>Header Files</Filter>
    </ClInclude>
    <ClInclude Include="cse\ResCapMutate.h">
      <Filter>Header Files</Filter>
    </ClInclude>
    <ClInclude Include="cse\ResCapSelector.h">
      <Filter>Header Files</Filter>
    </ClInclude>
    <ClInclude Include="cse\Resource.h">
      <Filter>Header Files</Filter>
    </ClInclude>
    <ClInclude Include="cse\ResourceCost.h">
      <Filter>Header Files</Filter>
    </ClInclude>
    <ClInclude Include="cse\ResourceGroup.h">
      <Filter>Header Files</Filter>
    </ClInclude>
    <ClInclude Include="cse\ResourceGroupRequirement.h">
      <Filter>Header Files</Filter>
    </ClInclude>
    <ClInclude Include="cse\ResourceRequirement.h">
      <Filter>Header Files</Filter>
    </ClInclude>
    <ClInclude Include="cse\ResourceSequenceDelays.h">
      <Filter>Header Files</Filter>
    </ClInclude>
    <ClInclude Include="cse\ResourceSequenceList.h">
      <Filter>Header Files</Filter>
    </ClInclude>
    <ClInclude Include="cse\RuleBasedScheduler.h">
      <Filter>Header Files</Filter>
    </ClInclude>
    <ClInclude Include="cse\RunningThread.h">
      <Filter>Header Files</Filter>
    </ClInclude>
    <ClInclude Include="cse\ScheduleEvaluator.h">
      <Filter>Header Files</Filter>
    </ClInclude>
    <ClInclude Include="cse\ScheduleEvaluatorConfiguration.h">
      <Filter>Header Files</Filter>
    </ClInclude>
    <ClInclude Include="cse\Scheduler.h">
      <Filter>Header Files</Filter>
    </ClInclude>
    <ClInclude Include="cse\SchedulerConfiguration.h">
      <Filter>Header Files</Filter>
    </ClInclude>
    <ClInclude Include="cse\SchedulerFactory.h">
      <Filter>Header Files</Filter>
    </ClInclude>
    <ClInclude Include="cse\SchedulingContext.h">
      <Filter>Header Files</Filter>
    </ClInclude>
    <ClInclude Include="cse\SchedulingRun.h">
      <Filter>Header Files</Filter>
    </ClInclude>
    <ClInclude Include="cse\SEclient.h">
      <Filter>Header Files</Filter>
    </ClInclude>
    <ClInclude Include="cse\Server.h">
      <Filter>Header Files</Filter>
    </ClInclude>
    <ClInclude Include="cse\SummaryOp.h">
      <Filter>Header Files</Filter>
    </ClInclude>
    <ClInclude Include="cse\TimeSlot.h">
      <Filter>Header Files</Filter>
    </ClInclude>
    <ClInclude Include="cse\TotalCostEvaluator.h">
      <Filter>Header Files</Filter>
    </ClInclude>
    <ClInclude Include="cse\TotalCostEvaluatorConfiguration.h">
      <Filter>Header Files</Filter>
    </ClInclude>
    <ClInclude Include="cse\UnaryCt.h">
      <Filter>Header Files</Filter>
    </ClInclude>
  </ItemGroup>
</Project>